
Microsoft Visual Studio Solution File, Format Version 12.00
# Visual Studio Version 16
VisualStudioVersion = 16.0.31702.278
MinimumVisualStudioVersion = 10.0.40219.1
Project("{FAE04EC0-301F-11D3-BF4B-00C04F79EFBC}") = "Topicos.NetCore.ConsoleApp", "Topicos.NetCore.ConsoleApp.csproj", "{DD8B00BC-ADF5-4E35-AFFD-B71539F70D45}"
EndProject
Project("{FAE04EC0-301F-11D3-BF4B-00C04F79EFBC}") = "Topicos.NetCore.Mensajeria.BL", "..\Topicos.NetCore.Mensajeria.BL\Topicos.NetCore.Mensajeria.BL.csproj", "{A553362E-B2B4-4968-8795-7AF2A21F4ADE}"
EndProject
Global
	GlobalSection(SolutionConfigurationPlatforms) = preSolution
		Debug|Any CPU = Debug|Any CPU
		Release|Any CPU = Release|Any CPU
	EndGlobalSection
	GlobalSection(ProjectConfigurationPlatforms) = postSolution
		{DD8B00BC-ADF5-4E35-AFFD-B71539F70D45}.Debug|Any CPU.ActiveCfg = Debug|Any CPU
		{DD8B00BC-ADF5-4E35-AFFD-B71539F70D45}.Debug|Any CPU.Build.0 = Debug|Any CPU
		{DD8B00BC-ADF5-4E35-AFFD-B71539F70D45}.Release|Any CPU.ActiveCfg = Release|Any CPU
		{DD8B00BC-ADF5-4E35-AFFD-B71539F70D45}.Release|Any CPU.Build.0 = Release|Any CPU
		{A553362E-B2B4-4968-8795-7AF2A21F4ADE}.Debug|Any CPU.ActiveCfg = Debug|Any CPU
		{A553362E-B2B4-4968-8795-7AF2A21F4ADE}.Debug|Any CPU.Build.0 = Debug|Any CPU
		{A553362E-B2B4-4968-8795-7AF2A21F4ADE}.Release|Any CPU.ActiveCfg = Release|Any CPU
		{A553362E-B2B4-4968-8795-7AF2A21F4ADE}.Release|Any CPU.Build.0 = Release|Any CPU
	EndGlobalSection
	GlobalSection(SolutionProperties) = preSolution
		HideSolutionNode = FALSE
	EndGlobalSection
	GlobalSection(ExtensibilityGlobals) = postSolution
		SolutionGuid = {364DD76D-AB5C-4413-A256-867FE4B3E3CF}
	EndGlobalSection
EndGlobal
